{
  "requires": true,
  "lockfileVersion": 1,
  "dependencies": {
    "vue-dropdowns": {
      "version": "1.1.2",
      "resolved": "https://registry.npmjs.org/vue-dropdowns/-/vue-dropdowns-1.1.2.tgz",
      "integrity": "sha512-1zISzpdf+GaQfI8yyCSASGJkb3vkjr2ZtX276wSdix2F1pXU9stkvDPFUM5ac9sAWY/3rZjBSvw9bTBvFTGnTw=="
    },
    "vue-simple-search-dropdown": {
      "version": "1.0.1",
      "resolved": "https://registry.npmjs.org/vue-simple-search-dropdown/-/vue-simple-search-dropdown-1.0.1.tgz",
      "integrity": "sha512-r3LuGFB3WqMDRILx+Z/Y2S9UTLqMh3Y0nv1Oly+tt8oEzvg77r0tfYLHVqQlhsmVPy0GmSuxMMbetMkDRLOEqg=="
    }
  }
}
